
Microsoft Visual Studio Solution File, Format Version 12.00
# Visual Studio Version 16
VisualStudioVersion = 16.0.31205.134
MinimumVisualStudioVersion = 10.0.40219.1
Project("{FAE04EC0-301F-11D3-BF4B-00C04F79EFBC}") = "WinFormsApp", "WinFormsApp\WinFormsApp.csproj", "{05C2911A-7DD2-4B51-B50B-D1B426F61859}"
EndProject
Global
	GlobalSection(SolutionConfigurationPlatforms) = preSolution
		Debug|Any CPU = Debug|Any CPU
		Release|Any CPU = Release|Any CPU
	EndGlobalSection
	GlobalSection(ProjectConfigurationPlatforms) = postSolution
		{05C2911A-7DD2-4B51-B50B-D1B426F61859}.Debug|Any CPU.ActiveCfg = Debug|Any CPU
		{05C2911A-7DD2-4B51-B50B-D1B426F61859}.Debug|Any CPU.Build.0 = Debug|Any CPU
		{05C2911A-7DD2-4B51-B50B-D1B426F61859}.Release|Any CPU.ActiveCfg = Release|Any CPU
		{05C2911A-7DD2-4B51-B50B-D1B426F61859}.Release|Any CPU.Build.0 = Release|Any CPU
	EndGlobalSection
	GlobalSection(SolutionProperties) = preSolution
		HideSolutionNode = FALSE
	EndGlobalSection
	GlobalSection(ExtensibilityGlobals) = postSolution
		SolutionGuid = {290268F4-603C-4831-B3D8-95BCF1ACD7D3}
	EndGlobalSection
EndGlobal
